// !$*UTF8*$!
{
	archiveVersion = 1;
	classes = {
	};
	objectVersion = 46;
	objects = {

/* Begin PBXBuildFile section */
		2BDABBF41C32D0A700D9FD7A /* PodTest.h in CopyFiles */ = {isa = PBXBuildFile; fileRef = 2BDABBF31C32D0A700D9FD7A /* PodTest.h */; };
		2BDABBF61C32D0A700D9FD7A /* PodTest.m in Sources */ = {isa = PBXBuildFile; fileRef = 2BDABBF51C32D0A700D9FD7A /* PodTest.m */; };
/* End PBXBuildFile section */

/* Begin PBXCopyFilesBuildPhase section */
		2BDABBEE1C32D0A700D9FD7A /* CopyFiles */ = {
			isa = PBXCopyFilesBuildPhase;
			buildActionMask = 2147483647;
			dstPath = "include/$(PRODUCT_NAME)";
			dstSubfolderSpec = 16;
			files = (
				2BDABBF41C32D0A700D9FD7A /* PodTest.h in CopyFiles */,
			);
			runOnlyForDeploymentPostprocessing = 0;
		};
/* End PBXCopyFilesBuildPhase section */

/* Begin PBXFileReference section */
		2BDABBF01C32D0A700D9FD7A /* libPodTest.a */ = {isa = PBXFileReference; explicitFileType = archive.ar; includeInIndex = 0; path = libPodTest.a; sourceTree = BUILT_PRODUCTS_DIR; };
		2BDABBF31C32D0A700D9FD7A /* PodTest.h */ = {isa = PBXFileReference; lastKnownFileType = sourcecode.c.h; path = PodTest.h; sourceTree = "<group>"; };
		2BDABBF51C32D0A700D9FD7A /* PodTest.m */ = {isa = PBXFileReference; lastKnownFileType = sourcecode.c.objc; path = PodTest.m; sourceTree = "<group>"; };
/* End PBXFileReference section */

/* Begin PBXFrameworksBuildPhase section */
		2BDABBED1C32D0A700D9FD7A /* Frameworks */ = {
			isa = PBXFrameworksBuildPhase;
			buildActionMask = 2147483647;
			files = (
			);
			runOnlyForDeploymentPostprocessing = 0;
		};
/* End PBXFrameworksBuildPhase section */

/* Begin PBXGroup section */
		2BDABBE71C32D0A700D9FD7A = {
			isa = PBXGroup;
			children = (
				2BDABBF21C32D0A700D9FD7A /* PodTest */,
				2BDABBF11C32D0A700D9FD7A /* Products */,
			);
			sourceTree = "<group>";
		};
		2BDABBF11C32D0A700D9FD7A /* Products */ = {
			isa = PBXGroup;
			children = (
				2BDABBF01C32D0A700D9FD7A /* libPodTest.a */,
			);
			name = Products;
			sourceTree = "<group>";
		};
		2BDABBF21C32D0A700D9FD7A /* PodTest */ = {
			isa = PBXGroup;
			children = (
				2BDABBF31C32D0A700D9FD7A /* PodTest.h */,
				2BDABBF51C32D0A700D9FD7A /* PodTest.m */,
			);
			path = PodTest;
			sourceTree = "<group>";
		};
/* End PBXGroup section */

/* Begin PBXNativeTarget section */
		2BDABBEF1C32D0A700D9FD7A /* PodTest */ = {
			isa = PBXNativeTarget;
			buildConfigurationList = 2BDABBF91C32D0A700D9FD7A /* Build configuration list for PBXNativeTarget "PodTest" */;
			buildPhases = (
				2BDABBEC1C32D0A700D9FD7A /* Sources */,
				2BDABBED1C32D0A700D9FD7A /* Frameworks */,
				2BDABBEE1C32D0A700D9FD7A /* CopyFiles */,
			);
			buildRules = (
			);
			dependencies = (
			);
			name = PodTest;
			productName = PodTest;
			productReference = 2BDABBF01C32D0A700D9FD7A /* libPodTest.a */;
			productType = "com.apple.product-type.library.static";
		};
/* End PBXNativeTarget section */

/* Begin PBXProject section */
		2BDABBE81C32D0A700D9FD7A /* Project object */ = {
			isa = PBXProject;
			attributes = {
				LastUpgradeCheck = 0710;
				ORGANIZATIONNAME = Quickode;
				TargetAttributes = {
					2BDABBEF1C32D0A700D9FD7A = {
						CreatedOnToolsVersion = 7.1;
					};
				};
			};
			buildConfigurationList = 2BDABBEB1C32D0A700D9FD7A /* Build configuration list for PBXProject "PodTest" */;
			compatibilityVersion = "Xcode 3.2";
			developmentRegion = English;
			hasScannedForEncodings = 0;
			knownRegions = (
				en,
			);
			mainGroup = 2BDABBE71C32D0A700D9FD7A;
			productRefGroup = 2BDABBF11C32D0A700D9FD7A /* Products */;
			projectDirPath = "";
			projectRoot = "";
			targets = (
				2BDABBEF1C32D0A700D9FD7A /* PodTest */,
			);
		};
/* End PBXProject section */

/* Begin PBXSourcesBuildPhase section */
		2BDABBEC1C32D0A700D9FD7A /* Sources */ = {
			isa = PBXSourcesBuildPhase;
			buildActionMask = 2147483647;
			files = (
				2BDABBF61C32D0A700D9FD7A /* PodTest.m in Sources */,
			);
			runOnlyForDeploymentPostprocessing = 0;
		};
/* End PBXSourcesBuildPhase section */

/* Begin XCBuildConfiguration section */
		2BDABBF71C32D0A700D9FD7A /* Debug */ = {
			isa = XCBuildConfiguration;
			buildSettings = {
				ALWAYS_SEARCH_USER_PATHS = NO;
				CLANG_CXX_LANGUAGE_STANDARD = "gnu++0x";
				CLANG_CXX_LIBRARY = "libc++";
				CLANG_ENABLE_MODULES = YES;
				CLANG_ENABLE_OBJC_ARC = YES;
				CLANG_WARN_BOOL_CONVERSION = YES;
				CLANG_WARN_CONSTANT_CONVERSION = YES;
				CLANG_WARN_DIRECT_OBJC_ISA_USAGE = YES_ERROR;
				CLANG_WARN_EMPTY_BODY = YES;
				CLANG_WARN_ENUM_CONVERSION = YES;
				CLANG_WARN_INT_CONVERSION = YES;
				CLANG_WARN_OBJC_ROOT_CLASS = YES_ERROR;
				CLANG_WARN_UNREACHABLE_CODE = YES;
				CLANG_WARN__DUPLICATE_METHOD_MATCH = YES;
				"CODE_SIGN_IDENTITY[sdk=iphoneos*]" = "iPhone Developer";
				COPY_PHASE_STRIP = NO;
				DEBUG_INFORMATION_FORMAT = dwarf;
				ENABLE_STRICT_OBJC_MSGSEND = YES;
				ENABLE_TESTABILITY = YES;
				GCC_C_LANGUAGE_STANDARD = gnu99;
				GCC_DYNAMIC_NO_PIC = NO;
				GCC_NO_COMMON_BLOCKS = YES;
				GCC_OPTIMIZATION_LEVEL = 0;
				GCC_PREPROCESSOR_DEFINITIONS = (
					"DEBUG=1",
					"$(inherited)",
				);
				GCC_WARN_64_TO_32_BIT_CONVERSION = YES;
				GCC_WARN_ABOUT_RETURN_TYPE = YES_ERROR;
				GCC_WARN_UNDECLARED_SELECTOR = YES;
				GCC_WARN_UNINITIALIZED_AUTOS = YES_AGGRESSIVE;
				GCC_WARN_UNUSED_FUNCTION = YES;
				GCC_WARN_UNUSED_VARIABLE = YES;
				IPHONEOS_DEPLOYMENT_TARGET = 9.1;
				MTL_ENABLE_DEBUG_INFO = YES;
				ONLY_ACTIVE_ARCH = YES;
				SDKROOT = iphoneos;
			};
			name = Debug;
		};
		2BDABBF81C32D0A700D9FD7A /* Release */ = {
			isa = XCBuildConfiguration;
			buildSettings = {
				ALWAYS_SEARCH_USER_PATHS = NO;
				CLANG_CXX_LANGUAGE_STANDARD = "gnu++0x";
				CLANG_CXX_LIBRARY = "libc++";
				CLANG_ENABLE_MODULES = YES;
				CLANG_ENABLE_OBJC_ARC = YES;
				CLANG_WARN_BOOL_CONVERSION = YES;
				CLANG_WARN_CONSTANT_CONVERSION = YES;
				CLANG_WARN_DIRECT_OBJC_ISA_USAGE = YES_ERROR;
				CLANG_WARN_EMPTY_BODY = YES;
				CLANG_WARN_ENUM_CONVERSION = YES;
				CLANG_WARN_INT_CONVERSION = YES;
				CLANG_WARN_OBJC_ROOT_CLASS = YES_ERROR;
				CLANG_WARN_UNREACHABLE_CODE = YES;
				CLANG_WARN__DUPLICATE_METHOD_MATCH = YES;
				"CODE_SIGN_IDENTITY[sdk=iphoneos*]" = "iPhone Developer";
				COPY_PHASE_STRIP = NO;
				DEBUG_INFORMATION_FORMAT = "dwarf-with-dsym";
				ENABLE_NS_ASSERTIONS = NO;
				ENABLE_STRICT_OBJC_MSGSEND = YES;
				GCC_C_LANGUAGE_STANDARD = gnu99;
				GCC_NO_COMMON_BLOCKS = YES;
				GCC_WARN_64_TO_32_BIT_CONVERSION = YES;
				GCC_WARN_ABOUT_RETURN_TYPE = YES_ERROR;
				GCC_WARN_UNDECLARED_SELECTOR = YES;
				GCC_WARN_UNINITIALIZED_AUTOS = YES_AGGRESSIVE;
				GCC_WARN_UNUSED_FUNCTION = YES;
				GCC_WARN_UNUSED_VARIABLE = YES;
				IPHONEOS_DEPLOYMENT_TARGET = 9.1;
				MTL_ENABLE_DEBUG_INFO = NO;
				SDKROOT = iphoneos;
				VALIDATE_PRODUCT = YES;
			};
			name = Release;
		};
		2BDABBFA1C32D0A700D9FD7A /* Debug */ = {
			isa = XCBuildConfiguration;
			buildSettings = {
				OTHER_LDFLAGS = "-ObjC";
				PRODUCT_NAME = "$(TARGET_NAME)";
				SKIP_INSTALL = YES;
			};
			name = Debug;
		};
		2BDABBFB1C32D0A700D9FD7A /* Release */ = {
			isa = XCBuildConfiguration;
			buildSettings = {
				OTHER_LDFLAGS = "-ObjC";
				PRODUCT_NAME = "$(TARGET_NAME)";
				SKIP_INSTALL = YES;
			};
			name = Release;
		};
/* End XCBuildConfiguration section */

/* Begin XCConfigurationList section */
		2BDABBEB1C32D0A700D9FD7A /* Build configuration list for PBXProject "PodTest" */ = {
			isa = XCConfigurationList;
			buildConfigurations = (
				2BDABBF71C32D0A700D9FD7A /* Debug */,
				2BDABBF81C32D0A700D9FD7A /* Release */,
			);
			defaultConfigurationIsVisible = 0;
			defaultConfigurationName = Release;
		};
		2BDABBF91C32D0A700D9FD7A /* Build configuration list for PBXNativeTarget "PodTest" */ = {
			isa = XCConfigurationList;
			buildConfigurations = (
				2BDABBFA1C32D0A700D9FD7A /* Debug */,
				2BDABBFB1C32D0A700D9FD7A /* Release */,
			);
			defaultConfigurationIsVisible = 0;
		};
/* End XCConfigurationList section */
	};
	rootObject = 2BDABBE81C32D0A700D9FD7A /* Project object */;
}
